
Microsoft Visual Studio Solution File, Format Version 12.00
# Visual Studio Version 17
VisualStudioVersion = 17.11.35312.102
MinimumVisualStudioVersion = 10.0.40219.1
Project("{2150E333-8FDC-42A3-9474-1A3956D46DE8}") = "Services", "Services", "{5B3821A7-B0F9-403D-A4B6-44EBC7670B91}"
EndProject
Project("{2150E333-8FDC-42A3-9474-1A3956D46DE8}") = "Catalog", "Catalog", "{628F8081-3AA6-435B-8721-61B4E9EB283D}"
EndProject
Project("{FAE04EC0-301F-11D3-BF4B-00C04F79EFBC}") = "MultiShop.Catalog", "Services\Catalog\MultiShop.Catalog\MultiShop.Catalog.csproj", "{9A21F513-75EC-4C69-BBC3-814904A756D6}"
EndProject
Project("{2150E333-8FDC-42A3-9474-1A3956D46DE8}") = "Discount", "Discount", "{4B6CE187-1D19-4C4E-BAEA-1ECFAA0609EA}"
EndProject
Project("{FAE04EC0-301F-11D3-BF4B-00C04F79EFBC}") = "MultsiShop.Discount", "Services\Discount\MultsiShop.Discount\MultsiShop.Discount.csproj", "{E54F1C63-313E-430D-ABD4-672540910349}"
EndProject
Project("{2150E333-8FDC-42A3-9474-1A3956D46DE8}") = "Order", "Order", "{7020D2C0-F0CE-4FBE-ADEC-69001D07C72B}"
EndProject
Project("{2150E333-8FDC-42A3-9474-1A3956D46DE8}") = "Infrastructure", "Infrastructure", "{0EDC0185-7042-415B-9B5F-9052CBA6B43A}"
EndProject
Project("{2150E333-8FDC-42A3-9474-1A3956D46DE8}") = "Core", "Core", "{F767AF89-EC3F-4259-901E-C322A996EE38}"
EndProject
Project("{2150E333-8FDC-42A3-9474-1A3956D46DE8}") = "Presentation", "Presentation", "{32B98AB3-B6FD-43B3-B180-ECEE270611A5}"
EndProject
Project("{FAE04EC0-301F-11D3-BF4B-00C04F79EFBC}") = "MultiShop.Core.Domain", "Services\Order\Core\MultiShop.Core.Domain\MultiShop.Core.Domain.csproj", "{4E9134DD-5233-4C77-ABDC-053D802E426A}"
EndProject
Project("{FAE04EC0-301F-11D3-BF4B-00C04F79EFBC}") = "MultiShop.Core.Application", "Services\Order\Core\MultiShop.Core.Application\MultiShop.Core.Application.csproj", "{D8A19FD3-F439-4850-BDCF-5AB6B252F474}"
EndProject
Project("{FAE04EC0-301F-11D3-BF4B-00C04F79EFBC}") = "MultiShop.Infrastructure.Persistence", "Services\Order\Infrastructure\MultiShop.Infrastructure.Persistence\MultiShop.Infrastructure.Persistence.csproj", "{17EFCF6F-64A1-4062-BFDB-44484C63C800}"
EndProject
Project("{FAE04EC0-301F-11D3-BF4B-00C04F79EFBC}") = "MultiShop.Presentation.WebApi", "Services\Order\Presentation\MultiShop.Presentation.WebApi\MultiShop.Presentation.WebApi.csproj", "{3D139568-5865-426B-B210-06772F257EBC}"
EndProject
Global
	GlobalSection(SolutionConfigurationPlatforms) = preSolution
		Debug|Any CPU = Debug|Any CPU
		Release|Any CPU = Release|Any CPU
	EndGlobalSection
	GlobalSection(ProjectConfigurationPlatforms) = postSolution
		{9A21F513-75EC-4C69-BBC3-814904A756D6}.Debug|Any CPU.ActiveCfg = Debug|Any CPU
		{9A21F513-75EC-4C69-BBC3-814904A756D6}.Debug|Any CPU.Build.0 = Debug|Any CPU
		{9A21F513-75EC-4C69-BBC3-814904A756D6}.Release|Any CPU.ActiveCfg = Release|Any CPU
		{9A21F513-75EC-4C69-BBC3-814904A756D6}.Release|Any CPU.Build.0 = Release|Any CPU
		{E54F1C63-313E-430D-ABD4-672540910349}.Debug|Any CPU.ActiveCfg = Debug|Any CPU
		{E54F1C63-313E-430D-ABD4-672540910349}.Debug|Any CPU.Build.0 = Debug|Any CPU
		{E54F1C63-313E-430D-ABD4-672540910349}.Release|Any CPU.ActiveCfg = Release|Any CPU
		{E54F1C63-313E-430D-ABD4-672540910349}.Release|Any CPU.Build.0 = Release|Any CPU
		{4E9134DD-5233-4C77-ABDC-053D802E426A}.Debug|Any CPU.ActiveCfg = Debug|Any CPU
		{4E9134DD-5233-4C77-ABDC-053D802E426A}.Debug|Any CPU.Build.0 = Debug|Any CPU
		{4E9134DD-5233-4C77-ABDC-053D802E426A}.Release|Any CPU.ActiveCfg = Release|Any CPU
		{4E9134DD-5233-4C77-ABDC-053D802E426A}.Release|Any CPU.Build.0 = Release|Any CPU
		{D8A19FD3-F439-4850-BDCF-5AB6B252F474}.Debug|Any CPU.ActiveCfg = Debug|Any CPU
		{D8A19FD3-F439-4850-BDCF-5AB6B252F474}.Debug|Any CPU.Build.0 = Debug|Any CPU
		{D8A19FD3-F439-4850-BDCF-5AB6B252F474}.Release|Any CPU.ActiveCfg = Release|Any CPU
		{D8A19FD3-F439-4850-BDCF-5AB6B252F474}.Release|Any CPU.Build.0 = Release|Any CPU
		{17EFCF6F-64A1-4062-BFDB-44484C63C800}.Debug|Any CPU.ActiveCfg = Debug|Any CPU
		{17EFCF6F-64A1-4062-BFDB-44484C63C800}.Debug|Any CPU.Build.0 = Debug|Any CPU
		{17EFCF6F-64A1-4062-BFDB-44484C63C800}.Release|Any CPU.ActiveCfg = Release|Any CPU
		{17EFCF6F-64A1-4062-BFDB-44484C63C800}.Release|Any CPU.Build.0 = Release|Any CPU
		{3D139568-5865-426B-B210-06772F257EBC}.Debug|Any CPU.ActiveCfg = Debug|Any CPU
		{3D139568-5865-426B-B210-06772F257EBC}.Debug|Any CPU.Build.0 = Debug|Any CPU
		{3D139568-5865-426B-B210-06772F257EBC}.Release|Any CPU.ActiveCfg = Release|Any CPU
		{3D139568-5865-426B-B210-06772F257EBC}.Release|Any CPU.Build.0 = Release|Any CPU
	EndGlobalSection
	GlobalSection(SolutionProperties) = preSolution
		HideSolutionNode = FALSE
	EndGlobalSection
	GlobalSection(NestedProjects) = preSolution
		{628F8081-3AA6-435B-8721-61B4E9EB283D} = {5B3821A7-B0F9-403D-A4B6-44EBC7670B91}
		{9A21F513-75EC-4C69-BBC3-814904A756D6} = {628F8081-3AA6-435B-8721-61B4E9EB283D}
		{4B6CE187-1D19-4C4E-BAEA-1ECFAA0609EA} = {5B3821A7-B0F9-403D-A4B6-44EBC7670B91}
		{E54F1C63-313E-430D-ABD4-672540910349} = {4B6CE187-1D19-4C4E-BAEA-1ECFAA0609EA}
		{7020D2C0-F0CE-4FBE-ADEC-69001D07C72B} = {5B3821A7-B0F9-403D-A4B6-44EBC7670B91}
		{0EDC0185-7042-415B-9B5F-9052CBA6B43A} = {7020D2C0-F0CE-4FBE-ADEC-69001D07C72B}
		{F767AF89-EC3F-4259-901E-C322A996EE38} = {7020D2C0-F0CE-4FBE-ADEC-69001D07C72B}
		{32B98AB3-B6FD-43B3-B180-ECEE270611A5} = {7020D2C0-F0CE-4FBE-ADEC-69001D07C72B}
		{4E9134DD-5233-4C77-ABDC-053D802E426A} = {F767AF89-EC3F-4259-901E-C322A996EE38}
		{D8A19FD3-F439-4850-BDCF-5AB6B252F474} = {F767AF89-EC3F-4259-901E-C322A996EE38}
		{17EFCF6F-64A1-4062-BFDB-44484C63C800} = {0EDC0185-7042-415B-9B5F-9052CBA6B43A}
		{3D139568-5865-426B-B210-06772F257EBC} = {32B98AB3-B6FD-43B3-B180-ECEE270611A5}
	EndGlobalSection
	GlobalSection(ExtensibilityGlobals) = postSolution
		SolutionGuid = {0AAC22D4-7CFC-4570-94DC-C9C092548BD5}
	EndGlobalSection
EndGlobal
