
Microsoft Visual Studio Solution File, Format Version 12.00
# Visual Studio Version 17
VisualStudioVersion = 17.11.35312.102
MinimumVisualStudioVersion = 10.0.40219.1
Project("{2150E333-8FDC-42A3-9474-1A3956D46DE8}") = "Services", "Services", "{5B3821A7-B0F9-403D-A4B6-44EBC7670B91}"
EndProject
Project("{2150E333-8FDC-42A3-9474-1A3956D46DE8}") = "Catalog", "Catalog", "{628F8081-3AA6-435B-8721-61B4E9EB283D}"
EndProject
Project("{9A19103F-16F7-4668-BE54-9A1E7A4F7556}") = "MultiShop.Catalog", "Services\Catalog\MultiShop.Catalog\MultiShop.Catalog.csproj", "{9A21F513-75EC-4C69-BBC3-814904A756D6}"
EndProject
Project("{2150E333-8FDC-42A3-9474-1A3956D46DE8}") = "Discount", "Discount", "{4B6CE187-1D19-4C4E-BAEA-1ECFAA0609EA}"
EndProject
Project("{9A19103F-16F7-4668-BE54-9A1E7A4F7556}") = "MultsiShop.Discount", "Services\Discount\MultsiShop.Discount\MultsiShop.Discount.csproj", "{E54F1C63-313E-430D-ABD4-672540910349}"
EndProject
Project("{2150E333-8FDC-42A3-9474-1A3956D46DE8}") = "Order", "Order", "{7020D2C0-F0CE-4FBE-ADEC-69001D07C72B}"
EndProject
Project("{2150E333-8FDC-42A3-9474-1A3956D46DE8}") = "Infrastructure", "Infrastructure", "{0EDC0185-7042-415B-9B5F-9052CBA6B43A}"
EndProject
Project("{2150E333-8FDC-42A3-9474-1A3956D46DE8}") = "Core", "Core", "{F767AF89-EC3F-4259-901E-C322A996EE38}"
EndProject
Project("{2150E333-8FDC-42A3-9474-1A3956D46DE8}") = "Presentation", "Presentation", "{32B98AB3-B6FD-43B3-B180-ECEE270611A5}"
EndProject
Project("{9A19103F-16F7-4668-BE54-9A1E7A4F7556}") = "MultiShop.Core.Domain", "Services\Order\Core\MultiShop.Core.Domain\MultiShop.Core.Domain.csproj", "{4E9134DD-5233-4C77-ABDC-053D802E426A}"
EndProject
Project("{9A19103F-16F7-4668-BE54-9A1E7A4F7556}") = "MultiShop.Core.Application", "Services\Order\Core\MultiShop.Core.Application\MultiShop.Core.Application.csproj", "{D8A19FD3-F439-4850-BDCF-5AB6B252F474}"
EndProject
Project("{9A19103F-16F7-4668-BE54-9A1E7A4F7556}") = "MultiShop.Infrastructure.Persistence", "Services\Order\Infrastructure\MultiShop.Infrastructure.Persistence\MultiShop.Infrastructure.Persistence.csproj", "{17EFCF6F-64A1-4062-BFDB-44484C63C800}"
EndProject
Project("{9A19103F-16F7-4668-BE54-9A1E7A4F7556}") = "MultiShop.Presentation.WebApi", "Services\Order\Presentation\MultiShop.Presentation.WebApi\MultiShop.Presentation.WebApi.csproj", "{3D139568-5865-426B-B210-06772F257EBC}"
EndProject
Project("{2150E333-8FDC-42A3-9474-1A3956D46DE8}") = "IdentityServer", "IdentityServer", "{CD73BDF4-537B-40B3-A994-F7728538FF05}"
EndProject
Project("{9A19103F-16F7-4668-BE54-9A1E7A4F7556}") = "MultiShop.IdentityServer", "IdentityServer\MultiShop.IdentityServer\MultiShop.IdentityServer.csproj", "{08AE8BEA-E612-4F16-BC8D-C43023868A7A}"
EndProject
Project("{2150E333-8FDC-42A3-9474-1A3956D46DE8}") = "Cargo", "Cargo", "{67A3CF3C-A6AC-4754-AC79-DB5F38752CC2}"
EndProject
Project("{FAE04EC0-301F-11D3-BF4B-00C04F79EFBC}") = "MultiShop.Cargo.EntityLayer", "Services\Cargo\MultiShop.Cargo.EntityLayer\MultiShop.Cargo.EntityLayer.csproj", "{5EBB137F-3F09-47D2-899B-233D367121B8}"
EndProject
Project("{FAE04EC0-301F-11D3-BF4B-00C04F79EFBC}") = "MultiShop.Cargo.BusinessLayer", "Services\Cargo\MultiShop.Cargo.BusinessLayer\MultiShop.Cargo.BusinessLayer.csproj", "{1867CF3E-6EE3-4CF1-B22F-5DC2B60000CE}"
EndProject
Project("{FAE04EC0-301F-11D3-BF4B-00C04F79EFBC}") = "MultiShop.Cargo.DataAccessLayer", "Services\Cargo\MultiShop.Cargo.DataAccessLayer\MultiShop.Cargo.DataAccessLayer.csproj", "{C6EF81A0-C6F5-4313-A7DF-9B302D076233}"
EndProject
Project("{FAE04EC0-301F-11D3-BF4B-00C04F79EFBC}") = "MultiShop.Cargo.DtoLayer", "Services\Cargo\MultiShop.Cargo.DtoLayer\MultiShop.Cargo.DtoLayer.csproj", "{56E0883E-EB5C-4AE8-8262-DA0AA342B065}"
EndProject
Project("{FAE04EC0-301F-11D3-BF4B-00C04F79EFBC}") = "MultiShop.Cargo.WebApi", "Services\Cargo\MultiShop.Cargo.WebApi\MultiShop.Cargo.WebApi.csproj", "{19DCC9CA-63FE-4A41-AE87-FEF53FE5142B}"
EndProject
Global
	GlobalSection(SolutionConfigurationPlatforms) = preSolution
		Debug|Any CPU = Debug|Any CPU
		Release|Any CPU = Release|Any CPU
	EndGlobalSection
	GlobalSection(ProjectConfigurationPlatforms) = postSolution
		{9A21F513-75EC-4C69-BBC3-814904A756D6}.Debug|Any CPU.ActiveCfg = Debug|Any CPU
		{9A21F513-75EC-4C69-BBC3-814904A756D6}.Debug|Any CPU.Build.0 = Debug|Any CPU
		{9A21F513-75EC-4C69-BBC3-814904A756D6}.Release|Any CPU.ActiveCfg = Release|Any CPU
		{9A21F513-75EC-4C69-BBC3-814904A756D6}.Release|Any CPU.Build.0 = Release|Any CPU
		{E54F1C63-313E-430D-ABD4-672540910349}.Debug|Any CPU.ActiveCfg = Debug|Any CPU
		{E54F1C63-313E-430D-ABD4-672540910349}.Debug|Any CPU.Build.0 = Debug|Any CPU
		{E54F1C63-313E-430D-ABD4-672540910349}.Release|Any CPU.ActiveCfg = Release|Any CPU
		{E54F1C63-313E-430D-ABD4-672540910349}.Release|Any CPU.Build.0 = Release|Any CPU
		{4E9134DD-5233-4C77-ABDC-053D802E426A}.Debug|Any CPU.ActiveCfg = Debug|Any CPU
		{4E9134DD-5233-4C77-ABDC-053D802E426A}.Debug|Any CPU.Build.0 = Debug|Any CPU
		{4E9134DD-5233-4C77-ABDC-053D802E426A}.Release|Any CPU.ActiveCfg = Release|Any CPU
		{4E9134DD-5233-4C77-ABDC-053D802E426A}.Release|Any CPU.Build.0 = Release|Any CPU
		{D8A19FD3-F439-4850-BDCF-5AB6B252F474}.Debug|Any CPU.ActiveCfg = Debug|Any CPU
		{D8A19FD3-F439-4850-BDCF-5AB6B252F474}.Debug|Any CPU.Build.0 = Debug|Any CPU
		{D8A19FD3-F439-4850-BDCF-5AB6B252F474}.Release|Any CPU.ActiveCfg = Release|Any CPU
		{D8A19FD3-F439-4850-BDCF-5AB6B252F474}.Release|Any CPU.Build.0 = Release|Any CPU
		{17EFCF6F-64A1-4062-BFDB-44484C63C800}.Debug|Any CPU.ActiveCfg = Debug|Any CPU
		{17EFCF6F-64A1-4062-BFDB-44484C63C800}.Debug|Any CPU.Build.0 = Debug|Any CPU
		{17EFCF6F-64A1-4062-BFDB-44484C63C800}.Release|Any CPU.ActiveCfg = Release|Any CPU
		{17EFCF6F-64A1-4062-BFDB-44484C63C800}.Release|Any CPU.Build.0 = Release|Any CPU
		{3D139568-5865-426B-B210-06772F257EBC}.Debug|Any CPU.ActiveCfg = Debug|Any CPU
		{3D139568-5865-426B-B210-06772F257EBC}.Debug|Any CPU.Build.0 = Debug|Any CPU
		{3D139568-5865-426B-B210-06772F257EBC}.Release|Any CPU.ActiveCfg = Release|Any CPU
		{3D139568-5865-426B-B210-06772F257EBC}.Release|Any CPU.Build.0 = Release|Any CPU
		{08AE8BEA-E612-4F16-BC8D-C43023868A7A}.Debug|Any CPU.ActiveCfg = Debug|Any CPU
		{08AE8BEA-E612-4F16-BC8D-C43023868A7A}.Debug|Any CPU.Build.0 = Debug|Any CPU
		{08AE8BEA-E612-4F16-BC8D-C43023868A7A}.Release|Any CPU.ActiveCfg = Release|Any CPU
		{08AE8BEA-E612-4F16-BC8D-C43023868A7A}.Release|Any CPU.Build.0 = Release|Any CPU
		{5EBB137F-3F09-47D2-899B-233D367121B8}.Debug|Any CPU.ActiveCfg = Debug|Any CPU
		{5EBB137F-3F09-47D2-899B-233D367121B8}.Debug|Any CPU.Build.0 = Debug|Any CPU
		{5EBB137F-3F09-47D2-899B-233D367121B8}.Release|Any CPU.ActiveCfg = Release|Any CPU
		{5EBB137F-3F09-47D2-899B-233D367121B8}.Release|Any CPU.Build.0 = Release|Any CPU
		{1867CF3E-6EE3-4CF1-B22F-5DC2B60000CE}.Debug|Any CPU.ActiveCfg = Debug|Any CPU
		{1867CF3E-6EE3-4CF1-B22F-5DC2B60000CE}.Debug|Any CPU.Build.0 = Debug|Any CPU
		{1867CF3E-6EE3-4CF1-B22F-5DC2B60000CE}.Release|Any CPU.ActiveCfg = Release|Any CPU
		{1867CF3E-6EE3-4CF1-B22F-5DC2B60000CE}.Release|Any CPU.Build.0 = Release|Any CPU
		{C6EF81A0-C6F5-4313-A7DF-9B302D076233}.Debug|Any CPU.ActiveCfg = Debug|Any CPU
		{C6EF81A0-C6F5-4313-A7DF-9B302D076233}.Debug|Any CPU.Build.0 = Debug|Any CPU
		{C6EF81A0-C6F5-4313-A7DF-9B302D076233}.Release|Any CPU.ActiveCfg = Release|Any CPU
		{C6EF81A0-C6F5-4313-A7DF-9B302D076233}.Release|Any CPU.Build.0 = Release|Any CPU
		{56E0883E-EB5C-4AE8-8262-DA0AA342B065}.Debug|Any CPU.ActiveCfg = Debug|Any CPU
		{56E0883E-EB5C-4AE8-8262-DA0AA342B065}.Debug|Any CPU.Build.0 = Debug|Any CPU
		{56E0883E-EB5C-4AE8-8262-DA0AA342B065}.Release|Any CPU.ActiveCfg = Release|Any CPU
		{56E0883E-EB5C-4AE8-8262-DA0AA342B065}.Release|Any CPU.Build.0 = Release|Any CPU
		{19DCC9CA-63FE-4A41-AE87-FEF53FE5142B}.Debug|Any CPU.ActiveCfg = Debug|Any CPU
		{19DCC9CA-63FE-4A41-AE87-FEF53FE5142B}.Debug|Any CPU.Build.0 = Debug|Any CPU
		{19DCC9CA-63FE-4A41-AE87-FEF53FE5142B}.Release|Any CPU.ActiveCfg = Release|Any CPU
		{19DCC9CA-63FE-4A41-AE87-FEF53FE5142B}.Release|Any CPU.Build.0 = Release|Any CPU
	EndGlobalSection
	GlobalSection(SolutionProperties) = preSolution
		HideSolutionNode = FALSE
	EndGlobalSection
	GlobalSection(NestedProjects) = preSolution
		{628F8081-3AA6-435B-8721-61B4E9EB283D} = {5B3821A7-B0F9-403D-A4B6-44EBC7670B91}
		{9A21F513-75EC-4C69-BBC3-814904A756D6} = {628F8081-3AA6-435B-8721-61B4E9EB283D}
		{4B6CE187-1D19-4C4E-BAEA-1ECFAA0609EA} = {5B3821A7-B0F9-403D-A4B6-44EBC7670B91}
		{E54F1C63-313E-430D-ABD4-672540910349} = {4B6CE187-1D19-4C4E-BAEA-1ECFAA0609EA}
		{7020D2C0-F0CE-4FBE-ADEC-69001D07C72B} = {5B3821A7-B0F9-403D-A4B6-44EBC7670B91}
		{0EDC0185-7042-415B-9B5F-9052CBA6B43A} = {7020D2C0-F0CE-4FBE-ADEC-69001D07C72B}
		{F767AF89-EC3F-4259-901E-C322A996EE38} = {7020D2C0-F0CE-4FBE-ADEC-69001D07C72B}
		{32B98AB3-B6FD-43B3-B180-ECEE270611A5} = {7020D2C0-F0CE-4FBE-ADEC-69001D07C72B}
		{4E9134DD-5233-4C77-ABDC-053D802E426A} = {F767AF89-EC3F-4259-901E-C322A996EE38}
		{D8A19FD3-F439-4850-BDCF-5AB6B252F474} = {F767AF89-EC3F-4259-901E-C322A996EE38}
		{17EFCF6F-64A1-4062-BFDB-44484C63C800} = {0EDC0185-7042-415B-9B5F-9052CBA6B43A}
		{3D139568-5865-426B-B210-06772F257EBC} = {32B98AB3-B6FD-43B3-B180-ECEE270611A5}
		{08AE8BEA-E612-4F16-BC8D-C43023868A7A} = {CD73BDF4-537B-40B3-A994-F7728538FF05}
		{67A3CF3C-A6AC-4754-AC79-DB5F38752CC2} = {5B3821A7-B0F9-403D-A4B6-44EBC7670B91}
		{5EBB137F-3F09-47D2-899B-233D367121B8} = {67A3CF3C-A6AC-4754-AC79-DB5F38752CC2}
		{1867CF3E-6EE3-4CF1-B22F-5DC2B60000CE} = {67A3CF3C-A6AC-4754-AC79-DB5F38752CC2}
		{C6EF81A0-C6F5-4313-A7DF-9B302D076233} = {67A3CF3C-A6AC-4754-AC79-DB5F38752CC2}
		{56E0883E-EB5C-4AE8-8262-DA0AA342B065} = {67A3CF3C-A6AC-4754-AC79-DB5F38752CC2}
		{19DCC9CA-63FE-4A41-AE87-FEF53FE5142B} = {67A3CF3C-A6AC-4754-AC79-DB5F38752CC2}
	EndGlobalSection
	GlobalSection(ExtensibilityGlobals) = postSolution
		SolutionGuid = {0AAC22D4-7CFC-4570-94DC-C9C092548BD5}
	EndGlobalSection
EndGlobal
